{
  "name": "@flavrhub/angular-universal-express-cache-engine",
  "version": "0.0.0",
  "lockfileVersion": 1,
  "requires": true,
  "dependencies": {
    "@nguniversal/common": {
      "version": "9.1.1",
      "resolved": "https://registry.npmjs.org/@nguniversal/common/-/common-9.1.1.tgz",
      "integrity": "sha512-stYQzea9jhbs8XJDZEGcdHRVBrUp4wE3KMVufQNnQMbW/R+JpakGP6XBfPY3NLmqs/xJpVUIcIl3/6l5XxpR5A=="
    },
    "tslib": {
      "version": "1.13.0",
      "resolved": "https://registry.npmjs.org/tslib/-/tslib-1.13.0.tgz",
      "integrity": "sha512-i/6DQjL8Xf3be4K/E6Wgpekn5Qasl1usyw++dAA35Ue5orEn65VIxOA+YvNNl9HV3qv70T7CNwjODHZrLwvd1Q=="
    }
  }
}
